
Microsoft Visual Studio Solution File, Format Version 11.00
# Visual Studio 2010
Project("{FAE04EC0-301F-11D3-BF4B-00C04F79EFBC}") = "Assembly-CSharp", "Assembly-CSharp.csproj", "{5407BE73-024B-E762-99D6-0CFC88AC1FED}"
EndProject
Project("{FAE04EC0-301F-11D3-BF4B-00C04F79EFBC}") = "Assembly-CSharp-Editor", "Assembly-CSharp-Editor.csproj", "{A525F30C-C5A9-EEF7-959E-0452225D9E68}"
EndProject
Global
	GlobalSection(SolutionConfigurationPlatforms) = preSolution
		Debug|Any CPU = Debug|Any CPU
		Release|Any CPU = Release|Any CPU
	EndGlobalSection
	GlobalSection(ProjectConfigurationPlatforms) = postSolution
		{5407BE73-024B-E762-99D6-0CFC88AC1FED}.Debug|Any CPU.ActiveCfg = Debug|Any CPU
		{5407BE73-024B-E762-99D6-0CFC88AC1FED}.Debug|Any CPU.Build.0 = Debug|Any CPU
		{5407BE73-024B-E762-99D6-0CFC88AC1FED}.Release|Any CPU.ActiveCfg = Release|Any CPU
		{5407BE73-024B-E762-99D6-0CFC88AC1FED}.Release|Any CPU.Build.0 = Release|Any CPU
		{A525F30C-C5A9-EEF7-959E-0452225D9E68}.Debug|Any CPU.ActiveCfg = Debug|Any CPU
		{A525F30C-C5A9-EEF7-959E-0452225D9E68}.Debug|Any CPU.Build.0 = Debug|Any CPU
		{A525F30C-C5A9-EEF7-959E-0452225D9E68}.Release|Any CPU.ActiveCfg = Release|Any CPU
		{A525F30C-C5A9-EEF7-959E-0452225D9E68}.Release|Any CPU.Build.0 = Release|Any CPU
	EndGlobalSection
	GlobalSection(SolutionProperties) = preSolution
		HideSolutionNode = FALSE
	EndGlobalSection
	GlobalSection(MonoDevelopProperties) = preSolution
		StartupItem = Assembly-CSharp.csproj
	EndGlobalSection
EndGlobal
